// !$*UTF8*$!
{
	archiveVersion = 1;
	classes = {
	};
	objectVersion = 56;
	objects = {

/* Begin PBXBuildFile section */
		73427E712B00B6B100B62B48 /* CustomPanelHelper.swift in Sources */ = {isa = PBXBuildFile; fileRef = 73427E702B00B6B100B62B48 /* CustomPanelHelper.swift */; };
		73427E792B00B9DA00B62B48 /* DebugUniWinCApp.swift in Sources */ = {isa = PBXBuildFile; fileRef = 73427E782B00B9DA00B62B48 /* DebugUniWinCApp.swift */; };
		73427E7B2B00B9DA00B62B48 /* ContentView.swift in Sources */ = {isa = PBXBuildFile; fileRef = 73427E7A2B00B9DA00B62B48 /* ContentView.swift */; };
		73427E7D2B00B9DC00B62B48 /* Assets.xcassets in Resources */ = {isa = PBXBuildFile; fileRef = 73427E7C2B00B9DC00B62B48 /* Assets.xcassets */; };
		73427E802B00B9DC00B62B48 /* Preview Assets.xcassets in Resources */ = {isa = PBXBuildFile; fileRef = 73427E7F2B00B9DC00B62B48 /* Preview Assets.xcassets */; };
		73427E882B00BB7400B62B48 /* AppDelegate.swift in Sources */ = {isa = PBXBuildFile; fileRef = 73427E872B00BB7400B62B48 /* AppDelegate.swift */; };
		73427E892B00BDBE00B62B48 /* LibUniWinC.swift in Sources */ = {isa = PBXBuildFile; fileRef = 736DDB7F2AF7795900A145B0 /* LibUniWinC.swift */; };
		73427E8A2B00BDBE00B62B48 /* OverlayView.swift in Sources */ = {isa = PBXBuildFile; fileRef = 736DDB7E2AF7795900A145B0 /* OverlayView.swift */; };
		73427E8B2B00BDBE00B62B48 /* CustomPanelHelper.swift in Sources */ = {isa = PBXBuildFile; fileRef = 73427E702B00B6B100B62B48 /* CustomPanelHelper.swift */; };
		736DDB832AF7B19A00A145B0 /* LibUniWinC.swift in Sources */ = {isa = PBXBuildFile; fileRef = 736DDB7F2AF7795900A145B0 /* LibUniWinC.swift */; };
		736DDB842AF7B19A00A145B0 /* OverlayView.swift in Sources */ = {isa = PBXBuildFile; fileRef = 736DDB7E2AF7795900A145B0 /* OverlayView.swift */; };
		736DDB852AF7B19A00A145B0 /* UnityInterface.swift in Sources */ = {isa = PBXBuildFile; fileRef = 736DDB7D2AF7795900A145B0 /* UnityInterface.swift */; };
/* End PBXBuildFile section */

/* Begin PBXFileReference section */
		73427E702B00B6B100B62B48 /* CustomPanelHelper.swift */ = {isa = PBXFileReference; fileEncoding = 4; lastKnownFileType = sourcecode.swift; path = CustomPanelHelper.swift; sourceTree = "<group>"; };
		73427E762B00B9D900B62B48 /* DebugUniWinC.app */ = {isa = PBXFileReference; explicitFileType = wrapper.application; includeInIndex = 0; path = DebugUniWinC.app; sourceTree = BUILT_PRODUCTS_DIR; };
		73427E782B00B9DA00B62B48 /* DebugUniWinCApp.swift */ = {isa = PBXFileReference; lastKnownFileType = sourcecode.swift; path = DebugUniWinCApp.swift; sourceTree = "<group>"; };
		73427E7A2B00B9DA00B62B48 /* ContentView.swift */ = {isa = PBXFileReference; lastKnownFileType = sourcecode.swift; path = ContentView.swift; sourceTree = "<group>"; };
		73427E7C2B00B9DC00B62B48 /* Assets.xcassets */ = {isa = PBXFileReference; lastKnownFileType = folder.assetcatalog; path = Assets.xcassets; sourceTree = "<group>"; };
		73427E7F2B00B9DC00B62B48 /* Preview Assets.xcassets */ = {isa = PBXFileReference; lastKnownFileType = folder.assetcatalog; path = "Preview Assets.xcassets"; sourceTree = "<group>"; };
		73427E812B00B9DC00B62B48 /* DebugUniWinC.entitlements */ = {isa = PBXFileReference; lastKnownFileType = text.plist.entitlements; path = DebugUniWinC.entitlements; sourceTree = "<group>"; };
		73427E872B00BB7400B62B48 /* AppDelegate.swift */ = {isa = PBXFileReference; fileEncoding = 4; lastKnownFileType = sourcecode.swift; path = AppDelegate.swift; sourceTree = "<group>"; };
		736DDB722AF778A700A145B0 /* LibUniWinC.bundle */ = {isa = PBXFileReference; explicitFileType = wrapper.cfbundle; includeInIndex = 0; path = LibUniWinC.bundle; sourceTree = BUILT_PRODUCTS_DIR; };
		736DDB7D2AF7795900A145B0 /* UnityInterface.swift */ = {isa = PBXFileReference; lastKnownFileType = sourcecode.swift; path = UnityInterface.swift; sourceTree = "<group>"; };
		736DDB7E2AF7795900A145B0 /* OverlayView.swift */ = {isa = PBXFileReference; lastKnownFileType = sourcecode.swift; path = OverlayView.swift; sourceTree = "<group>"; };
		736DDB7F2AF7795900A145B0 /* LibUniWinC.swift */ = {isa = PBXFileReference; lastKnownFileType = sourcecode.swift; path = LibUniWinC.swift; sourceTree = "<group>"; };
/* End PBXFileReference section */

/* Begin PBXFrameworksBuildPhase section */
		73427E732B00B9D900B62B48 /* Frameworks */ = {
			isa = PBXFrameworksBuildPhase;
			buildActionMask = 2147483647;
			files = (
			);
			runOnlyForDeploymentPostprocessing = 0;
		};
		736DDB6F2AF778A700A145B0 /* Frameworks */ = {
			isa = PBXFrameworksBuildPhase;
			buildActionMask = 2147483647;
			files = (
			);
			runOnlyForDeploymentPostprocessing = 0;
		};
/* End PBXFrameworksBuildPhase section */

/* Begin PBXGroup section */
		73427E772B00B9DA00B62B48 /* DebugUniWinC */ = {
			isa = PBXGroup;
			children = (
				73427E872B00BB7400B62B48 /* AppDelegate.swift */,
				73427E782B00B9DA00B62B48 /* DebugUniWinCApp.swift */,
				73427E7A2B00B9DA00B62B48 /* ContentView.swift */,
				73427E7C2B00B9DC00B62B48 /* Assets.xcassets */,
				73427E812B00B9DC00B62B48 /* DebugUniWinC.entitlements */,
				73427E7E2B00B9DC00B62B48 /* Preview Content */,
			);
			path = DebugUniWinC;
			sourceTree = "<group>";
		};
		73427E7E2B00B9DC00B62B48 /* Preview Content */ = {
			isa = PBXGroup;
			children = (
				73427E7F2B00B9DC00B62B48 /* Preview Assets.xcassets */,
			);
			path = "Preview Content";
			sourceTree = "<group>";
		};
		736DDB692AF778A700A145B0 = {
			isa = PBXGroup;
			children = (
				736DDB822AF77D9200A145B0 /* LibUniWinC */,
				73427E772B00B9DA00B62B48 /* DebugUniWinC */,
				736DDB732AF778A700A145B0 /* Products */,
			);
			sourceTree = "<group>";
		};
		736DDB732AF778A700A145B0 /* Products */ = {
			isa = PBXGroup;
			children = (
				736DDB722AF778A700A145B0 /* LibUniWinC.bundle */,
				73427E762B00B9D900B62B48 /* DebugUniWinC.app */,
			);
			name = Products;
			sourceTree = "<group>";
		};
		736DDB822AF77D9200A145B0 /* LibUniWinC */ = {
			isa = PBXGroup;
			children = (
				736DDB7F2AF7795900A145B0 /* LibUniWinC.swift */,
				736DDB7D2AF7795900A145B0 /* UnityInterface.swift */,
				736DDB7E2AF7795900A145B0 /* OverlayView.swift */,
				73427E702B00B6B100B62B48 /* CustomPanelHelper.swift */,
			);
			path = LibUniWinC;
			sourceTree = "<group>";
		};
/* End PBXGroup section */

/* Begin PBXNativeTarget section */
		73427E752B00B9D900B62B48 /* DebugUniWinC */ = {
			isa = PBXNativeTarget;
			buildConfigurationList = 73427E822B00B9DC00B62B48 /* Build configuration list for PBXNativeTarget "DebugUniWinC" */;
			buildPhases = (
				73427E722B00B9D900B62B48 /* Sources */,
				73427E732B00B9D900B62B48 /* Frameworks */,
				73427E742B00B9D900B62B48 /* Resources */,
			);
			buildRules = (
			);
			dependencies = (
			);
			name = DebugUniWinC;
			productName = DebugUniWinC;
			productReference = 73427E762B00B9D900B62B48 /* DebugUniWinC.app */;
			productType = "com.apple.product-type.application";
		};
		736DDB712AF778A700A145B0 /* LibUniWinC */ = {
			isa = PBXNativeTarget;
			buildConfigurationList = 736DDB762AF778A700A145B0 /* Build configuration list for PBXNativeTarget "LibUniWinC" */;
			buildPhases = (
				736DDB6E2AF778A700A145B0 /* Sources */,
				736DDB6F2AF778A700A145B0 /* Frameworks */,
				736DDB702AF778A700A145B0 /* Resources */,
			);
			buildRules = (
			);
			dependencies = (
			);
			name = LibUniWinC;
			productName = LibUniWinC;
			productReference = 736DDB722AF778A700A145B0 /* LibUniWinC.bundle */;
			productType = "com.apple.product-type.bundle";
		};
/* End PBXNativeTarget section */

/* Begin PBXProject section */
		736DDB6A2AF778A700A145B0 /* Project object */ = {
			isa = PBXProject;
			attributes = {
				BuildIndependentTargetsInParallel = 1;
				LastSwiftUpdateCheck = 1500;
				LastUpgradeCheck = 1620;
				TargetAttributes = {
					73427E752B00B9D900B62B48 = {
						CreatedOnToolsVersion = 15.0.1;
					};
					736DDB712AF778A700A145B0 = {
						CreatedOnToolsVersion = 15.0.1;
						LastSwiftMigration = 1500;
					};
				};
			};
			buildConfigurationList = 736DDB6D2AF778A700A145B0 /* Build configuration list for PBXProject "LibUniWinC" */;
			compatibilityVersion = "Xcode 14.0";
			developmentRegion = en;
			hasScannedForEncodings = 0;
			knownRegions = (
				en,
				Base,
			);
			mainGroup = 736DDB692AF778A700A145B0;
			productRefGroup = 736DDB732AF778A700A145B0 /* Products */;
			projectDirPath = "";
			projectRoot = "";
			targets = (
				736DDB712AF778A700A145B0 /* LibUniWinC */,
				73427E752B00B9D900B62B48 /* DebugUniWinC */,
			);
		};
/* End PBXProject section */

/* Begin PBXResourcesBuildPhase section */
		73427E742B00B9D900B62B48 /* Resources */ = {
			isa = PBXResourcesBuildPhase;
			buildActionMask = 2147483647;
			files = (
				73427E802B00B9DC00B62B48 /* Preview Assets.xcassets in Resources */,
				73427E7D2B00B9DC00B62B48 /* Assets.xcassets in Resources */,
			);
			runOnlyForDeploymentPostprocessing = 0;
		};
		736DDB702AF778A700A145B0 /* Resources */ = {
			isa = PBXResourcesBuildPhase;
			buildActionMask = 2147483647;
			files = (
			);
			runOnlyForDeploymentPostprocessing = 0;
		};
/* End PBXResourcesBuildPhase section */

/* Begin PBXSourcesBuildPhase section */
		73427E722B00B9D900B62B48 /* Sources */ = {
			isa = PBXSourcesBuildPhase;
			buildActionMask = 2147483647;
			files = (
				73427E892B00BDBE00B62B48 /* LibUniWinC.swift in Sources */,
				73427E8A2B00BDBE00B62B48 /* OverlayView.swift in Sources */,
				73427E8B2B00BDBE00B62B48 /* CustomPanelHelper.swift in Sources */,
				73427E882B00BB7400B62B48 /* AppDelegate.swift in Sources */,
				73427E7B2B00B9DA00B62B48 /* ContentView.swift in Sources */,
				73427E792B00B9DA00B62B48 /* DebugUniWinCApp.swift in Sources */,
			);
			runOnlyForDeploymentPostprocessing = 0;
		};
		736DDB6E2AF778A700A145B0 /* Sources */ = {
			isa = PBXSourcesBuildPhase;
			buildActionMask = 2147483647;
			files = (
				736DDB842AF7B19A00A145B0 /* OverlayView.swift in Sources */,
				73427E712B00B6B100B62B48 /* CustomPanelHelper.swift in Sources */,
				736DDB832AF7B19A00A145B0 /* LibUniWinC.swift in Sources */,
				736DDB852AF7B19A00A145B0 /* UnityInterface.swift in Sources */,
			);
			runOnlyForDeploymentPostprocessing = 0;
		};
/* End PBXSourcesBuildPhase section */

/* Begin XCBuildConfiguration section */
		73427E832B00B9DC00B62B48 /* Debug */ = {
			isa = XCBuildConfiguration;
			buildSettings = {
				ASSETCATALOG_COMPILER_APPICON_NAME = AppIcon;
				ASSETCATALOG_COMPILER_GLOBAL_ACCENT_COLOR_NAME = AccentColor;
				CODE_SIGN_ENTITLEMENTS = DebugUniWinC/DebugUniWinC.entitlements;
				CODE_SIGN_IDENTITY = "Apple Development";
				"CODE_SIGN_IDENTITY[sdk=macosx*]" = "-";
				CODE_SIGN_STYLE = Manual;
				COMBINE_HIDPI_IMAGES = YES;
				CURRENT_PROJECT_VERSION = 1;
				DEAD_CODE_STRIPPING = YES;
				DEVELOPMENT_ASSET_PATHS = "\"DebugUniWinC/Preview Content\"";
				DEVELOPMENT_TEAM = "";
				ENABLE_PREVIEWS = YES;
				ENABLE_USER_SCRIPT_SANDBOXING = YES;
				GENERATE_INFOPLIST_FILE = YES;
				INFOPLIST_KEY_NSHumanReadableCopyright = "";
				LD_RUNPATH_SEARCH_PATHS = (
					"$(inherited)",
					"@executable_path/../Frameworks",
				);
				MACOSX_DEPLOYMENT_TARGET = 11.0;
				MARKETING_VERSION = 1.0;
				PRODUCT_BUNDLE_IDENTIFIER = com.kirurobo.DebugUniWinC;
				PRODUCT_NAME = "$(TARGET_NAME)";
				PROVISIONING_PROFILE_SPECIFIER = "";
				SWIFT_ACTIVE_COMPILATION_CONDITIONS = "DEBUG $(inherited)";
				SWIFT_EMIT_LOC_STRINGS = YES;
				SWIFT_OPTIMIZATION_LEVEL = "-Onone";
				SWIFT_VERSION = 5.0;
			};
			name = Debug;
		};
		73427E842B00B9DC00B62B48 /* Release */ = {
			isa = XCBuildConfiguration;
			buildSettings = {
				ASSETCATALOG_COMPILER_APPICON_NAME = AppIcon;
				ASSETCATALOG_COMPILER_GLOBAL_ACCENT_COLOR_NAME = AccentColor;
				CODE_SIGN_ENTITLEMENTS = DebugUniWinC/DebugUniWinC.entitlements;
				CODE_SIGN_IDENTITY = "Apple Development";
				"CODE_SIGN_IDENTITY[sdk=macosx*]" = "-";
				CODE_SIGN_STYLE = Manual;
				COMBINE_HIDPI_IMAGES = YES;
				CURRENT_PROJECT_VERSION = 1;
				DEAD_CODE_STRIPPING = YES;
				DEVELOPMENT_ASSET_PATHS = "\"DebugUniWinC/Preview Content\"";
				DEVELOPMENT_TEAM = "";
				ENABLE_PREVIEWS = YES;
				ENABLE_USER_SCRIPT_SANDBOXING = YES;
				GENERATE_INFOPLIST_FILE = YES;
				INFOPLIST_KEY_NSHumanReadableCopyright = "";
				LD_RUNPATH_SEARCH_PATHS = (
					"$(inherited)",
					"@executable_path/../Frameworks",
				);
				MACOSX_DEPLOYMENT_TARGET = 11.0;
				MARKETING_VERSION = 1.0;
				PRODUCT_BUNDLE_IDENTIFIER = com.kirurobo.DebugUniWinC;
				PRODUCT_NAME = "$(TARGET_NAME)";
				PROVISIONING_PROFILE_SPECIFIER = "";
				SWIFT_COMPILATION_MODE = wholemodule;
				SWIFT_EMIT_LOC_STRINGS = YES;
				SWIFT_VERSION = 5.0;
			};
			name = Release;
		};
		736DDB742AF778A700A145B0 /* Debug */ = {
			isa = XCBuildConfiguration;
			buildSettings = {
				ALWAYS_SEARCH_USER_PATHS = NO;
				ASSETCATALOG_COMPILER_GENERATE_SWIFT_ASSET_SYMBOL_EXTENSIONS = YES;
				CLANG_ANALYZER_NONNULL = YES;
				CLANG_ANALYZER_NUMBER_OBJECT_CONVERSION = YES_AGGRESSIVE;
				CLANG_CXX_LANGUAGE_STANDARD = "gnu++20";
				CLANG_ENABLE_MODULES = YES;
				CLANG_ENABLE_OBJC_ARC = YES;
				CLANG_ENABLE_OBJC_WEAK = YES;
				CLANG_WARN_BLOCK_CAPTURE_AUTORELEASING = YES;
				CLANG_WARN_BOOL_CONVERSION = YES;
				CLANG_WARN_COMMA = YES;
				CLANG_WARN_CONSTANT_CONVERSION = YES;
				CLANG_WARN_DEPRECATED_OBJC_IMPLEMENTATIONS = YES;
				CLANG_WARN_DIRECT_OBJC_ISA_USAGE = YES_ERROR;
				CLANG_WARN_DOCUMENTATION_COMMENTS = YES;
				CLANG_WARN_EMPTY_BODY = YES;
				CLANG_WARN_ENUM_CONVERSION = YES;
				CLANG_WARN_INFINITE_RECURSION = YES;
				CLANG_WARN_INT_CONVERSION = YES;
				CLANG_WARN_NON_LITERAL_NULL_CONVERSION = YES;
				CLANG_WARN_OBJC_IMPLICIT_RETAIN_SELF = YES;
				CLANG_WARN_OBJC_LITERAL_CONVERSION = YES;
				CLANG_WARN_OBJC_ROOT_CLASS = YES_ERROR;
				CLANG_WARN_QUOTED_INCLUDE_IN_FRAMEWORK_HEADER = YES;
				CLANG_WARN_RANGE_LOOP_ANALYSIS = YES;
				CLANG_WARN_STRICT_PROTOTYPES = YES;
				CLANG_WARN_SUSPICIOUS_MOVE = YES;
				CLANG_WARN_UNGUARDED_AVAILABILITY = YES_AGGRESSIVE;
				CLANG_WARN_UNREACHABLE_CODE = YES;
				CLANG_WARN__DUPLICATE_METHOD_MATCH = YES;
				COPY_PHASE_STRIP = YES;
				DEAD_CODE_STRIPPING = YES;
				DEBUG_INFORMATION_FORMAT = dwarf;
				ENABLE_STRICT_OBJC_MSGSEND = YES;
				ENABLE_TESTABILITY = YES;
				ENABLE_USER_SCRIPT_SANDBOXING = NO;
				GCC_C_LANGUAGE_STANDARD = gnu17;
				GCC_DYNAMIC_NO_PIC = NO;
				GCC_NO_COMMON_BLOCKS = YES;
				GCC_OPTIMIZATION_LEVEL = 0;
				GCC_PREPROCESSOR_DEFINITIONS = (
					"DEBUG=1",
					"$(inherited)",
				);
				GCC_WARN_64_TO_32_BIT_CONVERSION = YES;
				GCC_WARN_ABOUT_RETURN_TYPE = YES_ERROR;
				GCC_WARN_UNDECLARED_SELECTOR = YES;
				GCC_WARN_UNINITIALIZED_AUTOS = YES_AGGRESSIVE;
				GCC_WARN_UNUSED_FUNCTION = YES;
				GCC_WARN_UNUSED_VARIABLE = YES;
				LOCALIZATION_PREFERS_STRING_CATALOGS = YES;
				MACOSX_DEPLOYMENT_TARGET = 11.0;
				MTL_ENABLE_DEBUG_INFO = INCLUDE_SOURCE;
				MTL_FAST_MATH = YES;
				ONLY_ACTIVE_ARCH = NO;
				SDKROOT = macosx;
			};
			name = Debug;
		};
		736DDB752AF778A700A145B0 /* Release */ = {
			isa = XCBuildConfiguration;
			buildSettings = {
				ALWAYS_SEARCH_USER_PATHS = NO;
				ASSETCATALOG_COMPILER_GENERATE_SWIFT_ASSET_SYMBOL_EXTENSIONS = YES;
				CLANG_ANALYZER_NONNULL = YES;
				CLANG_ANALYZER_NUMBER_OBJECT_CONVERSION = YES_AGGRESSIVE;
				CLANG_CXX_LANGUAGE_STANDARD = "gnu++20";
				CLANG_ENABLE_MODULES = YES;
				CLANG_ENABLE_OBJC_ARC = YES;
				CLANG_ENABLE_OBJC_WEAK = YES;
				CLANG_WARN_BLOCK_CAPTURE_AUTORELEASING = YES;
				CLANG_WARN_BOOL_CONVERSION = YES;
				CLANG_WARN_COMMA = YES;
				CLANG_WARN_CONSTANT_CONVERSION = YES;
				CLANG_WARN_DEPRECATED_OBJC_IMPLEMENTATIONS = YES;
				CLANG_WARN_DIRECT_OBJC_ISA_USAGE = YES_ERROR;
				CLANG_WARN_DOCUMENTATION_COMMENTS = YES;
				CLANG_WARN_EMPTY_BODY = YES;
				CLANG_WARN_ENUM_CONVERSION = YES;
				CLANG_WARN_INFINITE_RECURSION = YES;
				CLANG_WARN_INT_CONVERSION = YES;
				CLANG_WARN_NON_LITERAL_NULL_CONVERSION = YES;
				CLANG_WARN_OBJC_IMPLICIT_RETAIN_SELF = YES;
				CLANG_WARN_OBJC_LITERAL_CONVERSION = YES;
				CLANG_WARN_OBJC_ROOT_CLASS = YES_ERROR;
				CLANG_WARN_QUOTED_INCLUDE_IN_FRAMEWORK_HEADER = YES;
				CLANG_WARN_RANGE_LOOP_ANALYSIS = YES;
				CLANG_WARN_STRICT_PROTOTYPES = YES;
				CLANG_WARN_SUSPICIOUS_MOVE = YES;
				CLANG_WARN_UNGUARDED_AVAILABILITY = YES_AGGRESSIVE;
				CLANG_WARN_UNREACHABLE_CODE = YES;
				CLANG_WARN__DUPLICATE_METHOD_MATCH = YES;
				COPY_PHASE_STRIP = YES;
				DEAD_CODE_STRIPPING = YES;
				DEBUG_INFORMATION_FORMAT = "dwarf-with-dsym";
				ENABLE_NS_ASSERTIONS = NO;
				ENABLE_STRICT_OBJC_MSGSEND = YES;
				ENABLE_USER_SCRIPT_SANDBOXING = NO;
				GCC_C_LANGUAGE_STANDARD = gnu17;
				GCC_NO_COMMON_BLOCKS = YES;
				GCC_WARN_64_TO_32_BIT_CONVERSION = YES;
				GCC_WARN_ABOUT_RETURN_TYPE = YES_ERROR;
				GCC_WARN_UNDECLARED_SELECTOR = YES;
				GCC_WARN_UNINITIALIZED_AUTOS = YES_AGGRESSIVE;
				GCC_WARN_UNUSED_FUNCTION = YES;
				GCC_WARN_UNUSED_VARIABLE = YES;
				LOCALIZATION_PREFERS_STRING_CATALOGS = YES;
				MACOSX_DEPLOYMENT_TARGET = 11.0;
				MTL_ENABLE_DEBUG_INFO = NO;
				MTL_FAST_MATH = YES;
				SDKROOT = macosx;
				SWIFT_COMPILATION_MODE = wholemodule;
			};
			name = Release;
		};
		736DDB772AF778A700A145B0 /* Debug */ = {
			isa = XCBuildConfiguration;
			buildSettings = {
				CLANG_ENABLE_MODULES = YES;
				CODE_SIGN_STYLE = Manual;
				COMBINE_HIDPI_IMAGES = YES;
				COPY_PHASE_STRIP = YES;
				CURRENT_PROJECT_VERSION = 1;
				DEAD_CODE_STRIPPING = YES;
				DEVELOPMENT_TEAM = "";
				"DEVELOPMENT_TEAM[sdk=macosx*]" = "";
				GENERATE_INFOPLIST_FILE = YES;
				INFOPLIST_KEY_NSHumanReadableCopyright = "Copyright © 2019-2025 kirurobo. All rights reserved.";
				INFOPLIST_KEY_NSPrincipalClass = "";
				INSTALL_PATH = "$(LOCAL_LIBRARY_DIR)/Bundles";
				MARKETING_VERSION = 0.9.8;
				PRODUCT_BUNDLE_IDENTIFIER = com.kirurobo.LibUniWinC;
				PRODUCT_NAME = "$(TARGET_NAME)";
				PROVISIONING_PROFILE_SPECIFIER = "";
				SKIP_INSTALL = YES;
				SWIFT_EMIT_LOC_STRINGS = YES;
				SWIFT_OPTIMIZATION_LEVEL = "-Onone";
				SWIFT_VERSION = 5.0;
				WRAPPER_EXTENSION = bundle;
			};
			name = Debug;
		};
		736DDB782AF778A700A145B0 /* Release */ = {
			isa = XCBuildConfiguration;
			buildSettings = {
				CLANG_ENABLE_MODULES = YES;
				CODE_SIGN_STYLE = Manual;
				COMBINE_HIDPI_IMAGES = YES;
				COPY_PHASE_STRIP = YES;
				CURRENT_PROJECT_VERSION = 1;
				DEAD_CODE_STRIPPING = YES;
				DEVELOPMENT_TEAM = "";
				"DEVELOPMENT_TEAM[sdk=macosx*]" = "";
				GENERATE_INFOPLIST_FILE = YES;
				INFOPLIST_KEY_NSHumanReadableCopyright = "Copyright © 2019-2025 kirurobo. All rights reserved.";
				INFOPLIST_KEY_NSPrincipalClass = "";
				INSTALL_PATH = "$(LOCAL_LIBRARY_DIR)/Bundles";
				MARKETING_VERSION = 0.9.8;
				PRODUCT_BUNDLE_IDENTIFIER = com.kirurobo.LibUniWinC;
				PRODUCT_NAME = "$(TARGET_NAME)";
				PROVISIONING_PROFILE_SPECIFIER = "";
				SKIP_INSTALL = YES;
				SWIFT_EMIT_LOC_STRINGS = YES;
				SWIFT_VERSION = 5.0;
				WRAPPER_EXTENSION = bundle;
			};
			name = Release;
		};
/* End XCBuildConfiguration section */

/* Begin XCConfigurationList section */
		73427E822B00B9DC00B62B48 /* Build configuration list for PBXNativeTarget "DebugUniWinC" */ = {
			isa = XCConfigurationList;
			buildConfigurations = (
				73427E832B00B9DC00B62B48 /* Debug */,
				73427E842B00B9DC00B62B48 /* Release */,
			);
			defaultConfigurationIsVisible = 0;
			defaultConfigurationName = Release;
		};
		736DDB6D2AF778A700A145B0 /* Build configuration list for PBXProject "LibUniWinC" */ = {
			isa = XCConfigurationList;
			buildConfigurations = (
				736DDB742AF778A700A145B0 /* Debug */,
				736DDB752AF778A700A145B0 /* Release */,
			);
			defaultConfigurationIsVisible = 0;
			defaultConfigurationName = Release;
		};
		736DDB762AF778A700A145B0 /* Build configuration list for PBXNativeTarget "LibUniWinC" */ = {
			isa = XCConfigurationList;
			buildConfigurations = (
				736DDB772AF778A700A145B0 /* Debug */,
				736DDB782AF778A700A145B0 /* Release */,
			);
			defaultConfigurationIsVisible = 0;
			defaultConfigurationName = Release;
		};
/* End XCConfigurationList section */
	};
	rootObject = 736DDB6A2AF778A700A145B0 /* Project object */;
}
